
Microsoft Visual Studio Solution File, Format Version 12.00
# Visual Studio Version 17
VisualStudioVersion = 17.6.33829.357
MinimumVisualStudioVersion = 10.0.40219.1
Project("{FAE04EC0-301F-11D3-BF4B-00C04F79EFBC}") = "ExercFiles", "ExecFiles\ExercFiles.csproj", "{2791DE4A-FFF3-4E0A-A5AF-7FE0E85AC569}"
EndProject
Global
	GlobalSection(SolutionConfigurationPlatforms) = preSolution
		Debug|Any CPU = Debug|Any CPU
		Release|Any CPU = Release|Any CPU
	EndGlobalSection
	GlobalSection(ProjectConfigurationPlatforms) = postSolution
		{2791DE4A-FFF3-4E0A-A5AF-7FE0E85AC569}.Debug|Any CPU.ActiveCfg = Debug|Any CPU
		{2791DE4A-FFF3-4E0A-A5AF-7FE0E85AC569}.Debug|Any CPU.Build.0 = Debug|Any CPU
		{2791DE4A-FFF3-4E0A-A5AF-7FE0E85AC569}.Release|Any CPU.ActiveCfg = Release|Any CPU
		{2791DE4A-FFF3-4E0A-A5AF-7FE0E85AC569}.Release|Any CPU.Build.0 = Release|Any CPU
	EndGlobalSection
	GlobalSection(SolutionProperties) = preSolution
		HideSolutionNode = FALSE
	EndGlobalSection
	GlobalSection(ExtensibilityGlobals) = postSolution
		SolutionGuid = {83F26B45-D2AF-4D4B-80D2-7D95E0F920E6}
	EndGlobalSection
EndGlobal
