
Microsoft Visual Studio Solution File, Format Version 12.00
# Visual Studio Version 17
VisualStudioVersion = 17.6.33829.357
MinimumVisualStudioVersion = 10.0.40219.1
Project("{FAE04EC0-301F-11D3-BF4B-00C04F79EFBC}") = "CourseEnum", "CourseEnum\CourseEnum.csproj", "{03B4AC35-05A2-4E00-BF2D-2CD5B86CAF11}"
EndProject
Global
	GlobalSection(SolutionConfigurationPlatforms) = preSolution
		Debug|Any CPU = Debug|Any CPU
		Release|Any CPU = Release|Any CPU
	EndGlobalSection
	GlobalSection(ProjectConfigurationPlatforms) = postSolution
		{03B4AC35-05A2-4E00-BF2D-2CD5B86CAF11}.Debug|Any CPU.ActiveCfg = Debug|Any CPU
		{03B4AC35-05A2-4E00-BF2D-2CD5B86CAF11}.Debug|Any CPU.Build.0 = Debug|Any CPU
		{03B4AC35-05A2-4E00-BF2D-2CD5B86CAF11}.Release|Any CPU.ActiveCfg = Release|Any CPU
		{03B4AC35-05A2-4E00-BF2D-2CD5B86CAF11}.Release|Any CPU.Build.0 = Release|Any CPU
	EndGlobalSection
	GlobalSection(SolutionProperties) = preSolution
		HideSolutionNode = FALSE
	EndGlobalSection
	GlobalSection(ExtensibilityGlobals) = postSolution
		SolutionGuid = {21B24AC3-430C-4530-972C-C4118ED417F7}
	EndGlobalSection
EndGlobal
