
Microsoft Visual Studio Solution File, Format Version 12.00
# Visual Studio Version 17
VisualStudioVersion = 17.6.33829.357
MinimumVisualStudioVersion = 10.0.40219.1
Project("{FAE04EC0-301F-11D3-BF4B-00C04F79EFBC}") = "ExercConjunto2", "ExercConjunto2\ExercConjunto2.csproj", "{8D1B583A-E3DD-482F-B442-B1B57F3A0C49}"
EndProject
Global
	GlobalSection(SolutionConfigurationPlatforms) = preSolution
		Debug|Any CPU = Debug|Any CPU
		Release|Any CPU = Release|Any CPU
	EndGlobalSection
	GlobalSection(ProjectConfigurationPlatforms) = postSolution
		{8D1B583A-E3DD-482F-B442-B1B57F3A0C49}.Debug|Any CPU.ActiveCfg = Debug|Any CPU
		{8D1B583A-E3DD-482F-B442-B1B57F3A0C49}.Debug|Any CPU.Build.0 = Debug|Any CPU
		{8D1B583A-E3DD-482F-B442-B1B57F3A0C49}.Release|Any CPU.ActiveCfg = Release|Any CPU
		{8D1B583A-E3DD-482F-B442-B1B57F3A0C49}.Release|Any CPU.Build.0 = Release|Any CPU
	EndGlobalSection
	GlobalSection(SolutionProperties) = preSolution
		HideSolutionNode = FALSE
	EndGlobalSection
	GlobalSection(ExtensibilityGlobals) = postSolution
		SolutionGuid = {A533EA9E-FA53-4F35-9ECA-8DBD8353F8E0}
	EndGlobalSection
EndGlobal
